
Microsoft Visual Studio Solution File, Format Version 12.00
# Visual Studio Version 17
VisualStudioVersion = 17.0.32112.339
MinimumVisualStudioVersion = 10.0.40219.1
Project("{FAE04EC0-301F-11D3-BF4B-00C04F79EFBC}") = "TodoApii", "TodoApii\TodoApii.csproj", "{8C4A8812-AB3A-4A38-9830-0A80CB8F793A}"
EndProject
Global
	GlobalSection(SolutionConfigurationPlatforms) = preSolution
		Debug|Any CPU = Debug|Any CPU
		Release|Any CPU = Release|Any CPU
	EndGlobalSection
	GlobalSection(ProjectConfigurationPlatforms) = postSolution
		{8C4A8812-AB3A-4A38-9830-0A80CB8F793A}.Debug|Any CPU.ActiveCfg = Debug|Any CPU
		{8C4A8812-AB3A-4A38-9830-0A80CB8F793A}.Debug|Any CPU.Build.0 = Debug|Any CPU
		{8C4A8812-AB3A-4A38-9830-0A80CB8F793A}.Release|Any CPU.ActiveCfg = Release|Any CPU
		{8C4A8812-AB3A-4A38-9830-0A80CB8F793A}.Release|Any CPU.Build.0 = Release|Any CPU
	EndGlobalSection
	GlobalSection(SolutionProperties) = preSolution
		HideSolutionNode = FALSE
	EndGlobalSection
	GlobalSection(ExtensibilityGlobals) = postSolution
		SolutionGuid = {252DBA8B-D7E8-4605-83F1-B3BBC7FBE3CA}
	EndGlobalSection
EndGlobal
